
Microsoft Visual Studio Solution File, Format Version 12.00
# Visual Studio Version 17
VisualStudioVersion = 17.3.32901.215
MinimumVisualStudioVersion = 10.0.40219.1
Project("{FAE04EC0-301F-11D3-BF4B-00C04F79EFBC}") = "AdvancedDotNetEventsExercise6", "AdvancedDotNetEventsExercise6\AdvancedDotNetEventsExercise6.csproj", "{91B2031C-5247-4D0C-B8C2-6EA0294D1E46}"
EndProject
Global
	GlobalSection(SolutionConfigurationPlatforms) = preSolution
		Debug|Any CPU = Debug|Any CPU
		Release|Any CPU = Release|Any CPU
	EndGlobalSection
	GlobalSection(ProjectConfigurationPlatforms) = postSolution
		{91B2031C-5247-4D0C-B8C2-6EA0294D1E46}.Debug|Any CPU.ActiveCfg = Debug|Any CPU
		{91B2031C-5247-4D0C-B8C2-6EA0294D1E46}.Debug|Any CPU.Build.0 = Debug|Any CPU
		{91B2031C-5247-4D0C-B8C2-6EA0294D1E46}.Release|Any CPU.ActiveCfg = Release|Any CPU
		{91B2031C-5247-4D0C-B8C2-6EA0294D1E46}.Release|Any CPU.Build.0 = Release|Any CPU
	EndGlobalSection
	GlobalSection(SolutionProperties) = preSolution
		HideSolutionNode = FALSE
	EndGlobalSection
	GlobalSection(ExtensibilityGlobals) = postSolution
		SolutionGuid = {ABC6659B-DA6C-4E9B-8D44-5452C8878096}
	EndGlobalSection
EndGlobal
